# This file is automatically @generated by Cargo.
# It is not intended for manual editing.
version = 4

[[package]]
name = "candidate-baseline"
version = "0.0.1"
dependencies = [
 "candidate-query",
 "candidate-ranking",
 "code-table-runtime",
 "context-reranker",
 "engine-protocol",
 "ime-engine",
 "lexicon-core",
 "pinyin-syllable",
 "shuangpin-parser",
]

[[package]]
name = "candidate-query"
version = "0.0.1"
dependencies = [
 "candidate-ranking",
 "lexicon-core",
]

[[package]]
name = "candidate-ranking"
version = "0.0.1"

[[package]]
name = "code-table-fixture-generator"
version = "0.0.1"
dependencies = [
 "lexicon-builder",
 "lexicon-core",
]

[[package]]
name = "code-table-runtime"
version = "0.0.1"
dependencies = [
 "lexicon-core",
 "user-lexicon",
]

[[package]]
name = "context-reranker"
version = "0.0.1"

[[package]]
name = "engine-protocol"
version = "0.0.1"

[[package]]
name = "ime-engine"
version = "0.0.1"
dependencies = [
 "candidate-query",
 "candidate-ranking",
 "code-table-fixture-generator",
 "code-table-runtime",
 "context-reranker",
 "engine-protocol",
 "lexicon-core",
 "pinyin-syllable",
 "sentence-decoder",
 "shuangpin-parser",
 "shuangpin-schema",
 "user-lexicon",
 "user-model",
]

[[package]]
name = "ime-ffi"
version = "0.0.1"
dependencies = [
 "code-table-fixture-generator",
 "code-table-runtime",
 "engine-protocol",
 "ime-engine",
 "lexicon-core",
 "user-lexicon",
 "user-model",
]

[[package]]
name = "lexicon-builder"
version = "0.0.1"
dependencies = [
 "candidate-query",
 "lexicon-core",
 "pinyin-syllable",
]

[[package]]
name = "lexicon-core"
version = "0.0.1"

[[package]]
name = "pinyin-syllable"
version = "0.0.1"

[[package]]
name = "quanpin-context-model-builder"
version = "0.0.1"
dependencies = [
 "context-reranker",
 "lexicon-core",
]

[[package]]
name = "sentence-decoder"
version = "0.0.1"
dependencies = [
 "lexicon-core",
]

[[package]]
name = "shuangpin-parser"
version = "0.0.1"
dependencies = [
 "pinyin-syllable",
 "shuangpin-schema",
]

[[package]]
name = "shuangpin-schema"
version = "0.0.1"
dependencies = [
 "pinyin-syllable",
]

[[package]]
name = "user-lexicon"
version = "0.0.1"
dependencies = [
 "lexicon-core",
]

[[package]]
name = "user-lexicon-tool"
version = "0.0.1"
dependencies = [
 "user-lexicon",
]

[[package]]
name = "user-model"
version = "0.0.1"

[[package]]
name = "yinxing-converter"
version = "0.0.1"
dependencies = [
 "code-table-runtime",
 "lexicon-core",
 "user-lexicon",
]

[[package]]
name = "yinxing-source-auditor"
version = "0.0.1"
